
Microsoft Visual Studio Solution File, Format Version 12.00
# Visual Studio 2017
Project("{FAE04EC0-301F-11D3-BF4B-00C04F79EFBC}") = "QuestOfTheRoundTable", "QuestOfTheRoundTable.csproj", "{7E8000D3-8C94-CBFC-C303-FDAC6A84AB4F}"
EndProject
Project("{FAE04EC0-301F-11D3-BF4B-00C04F79EFBC}") = "QuestOfTheRoundTable.Editor", "QuestOfTheRoundTable.Editor.csproj", "{1BB3A72D-E7F1-F1A1-5FE3-D32D7097CEFB}"
EndProject
Global
	GlobalSection(SolutionConfigurationPlatforms) = preSolution
		Debug|Any CPU = Debug|Any CPU
		Release|Any CPU = Release|Any CPU
	EndGlobalSection
	GlobalSection(ProjectConfigurationPlatforms) = postSolution
		{7E8000D3-8C94-CBFC-C303-FDAC6A84AB4F}.Debug|Any CPU.ActiveCfg = Debug|Any CPU
		{7E8000D3-8C94-CBFC-C303-FDAC6A84AB4F}.Debug|Any CPU.Build.0 = Debug|Any CPU
		{7E8000D3-8C94-CBFC-C303-FDAC6A84AB4F}.Release|Any CPU.ActiveCfg = Release|Any CPU
		{7E8000D3-8C94-CBFC-C303-FDAC6A84AB4F}.Release|Any CPU.Build.0 = Release|Any CPU
		{1BB3A72D-E7F1-F1A1-5FE3-D32D7097CEFB}.Debug|Any CPU.ActiveCfg = Debug|Any CPU
		{1BB3A72D-E7F1-F1A1-5FE3-D32D7097CEFB}.Debug|Any CPU.Build.0 = Debug|Any CPU
		{1BB3A72D-E7F1-F1A1-5FE3-D32D7097CEFB}.Release|Any CPU.ActiveCfg = Release|Any CPU
		{1BB3A72D-E7F1-F1A1-5FE3-D32D7097CEFB}.Release|Any CPU.Build.0 = Release|Any CPU
	EndGlobalSection
	GlobalSection(SolutionProperties) = preSolution
		HideSolutionNode = FALSE
	EndGlobalSection
EndGlobal
